{
  "pins" : [
    {
      "identity" : "zego_plugin_adapter_ios",
      "kind" : "remoteSourceControl",
      "location" : "https://github.com/ZEGOCLOUD/zego_plugin_adapter_ios.git",
      "state" : {
        "revision" : "99ca2afa08cf6b14ac528e5a6b6101a25c5ec1b1",
        "version" : "2.0.0"
      }
    },
    {
      "identity" : "zim-ios",
      "kind" : "remoteSourceControl",
      "location" : "https://github.com/zegolibrary/zim-ios.git",
      "state" : {
        "revision" : "dc693a0cd44284a9286715f50f780cecea58d0f0",
        "version" : "2.7.1"
      }
    },
    {
      "identity" : "zpns-ios",
      "kind" : "remoteSourceControl",
      "location" : "https://github.com/zegolibrary/zpns-ios.git",
      "state" : {
        "revision" : "8623d13fb7d55634d311281765e34f02a3a91b65",
        "version" : "2.1.0"
      }
    }
  ],
  "version" : 2
}
